
Microsoft Visual Studio Solution File, Format Version 12.00
# Visual Studio Version 17
VisualStudioVersion = 17.0.31710.8
MinimumVisualStudioVersion = 10.0.40219.1
Project("{9A19103F-16F7-4668-BE54-9A1E7A4F7556}") = "FNA-NET", "src\FNA-NET.csproj", "{748D31F1-E2F4-456B-83F0-1AC8CAEA5CFC}"
EndProject
Project("{2150E333-8FDC-42A3-9474-1A3956D46DE8}") = "Samples", "Samples", "{D2158F14-9441-4380-A1DC-421C41E5CE34}"
EndProject
Project("{9A19103F-16F7-4668-BE54-9A1E7A4F7556}") = "FNAGame1", "samples\FNAGame1\FNAGame1.csproj", "{1416C843-528B-4161-B43C-BCA26B4ABCE7}"
EndProject
Project("{9A19103F-16F7-4668-BE54-9A1E7A4F7556}") = "iOSGame1", "samples\iOSGame1\iOSGame1.csproj", "{CF25FD5D-178F-402F-AD4E-F032A8A30270}"
EndProject
Project("{9A19103F-16F7-4668-BE54-9A1E7A4F7556}") = "FNAWinGame1", "samples\FNAWinGame1\FNAWinGame1.csproj", "{F09215D1-3738-4D36-A249-E6F9B3B8FEE8}"
EndProject
Project("{FAE04EC0-301F-11D3-BF4B-00C04F79EFBC}") = "UWPGame1", "samples\UWPGame1\UWPGame1.csproj", "{495CABAF-BC12-4854-873D-BDA56AD94D6E}"
EndProject
Project("{9A19103F-16F7-4668-BE54-9A1E7A4F7556}") = "FNAImGuiDemo", "samples\FNAImGuiDemo\FNAImGuiDemo.csproj", "{F831A09B-2A9A-4CF2-87E9-98FE25DD661B}"
EndProject
Project("{9A19103F-16F7-4668-BE54-9A1E7A4F7556}") = "AndroidGame1", "samples\AndroidGame1\AndroidGame1.csproj", "{F397D2C1-6B64-4568-8F09-25DC7C058F5E}"
EndProject
Project("{FAE04EC0-301F-11D3-BF4B-00C04F79EFBC}") = "tvOSGame1", "samples\tvOSGame1\tvOSGame1.csproj", "{DE29202A-9819-4584-A10E-9FDA9BBA2C43}"
EndProject
Global
	GlobalSection(SolutionConfigurationPlatforms) = preSolution
		Debug|Any CPU = Debug|Any CPU
		Debug|ARM = Debug|ARM
		Debug|arm64 = Debug|arm64
		Debug|x64 = Debug|x64
		Debug|x86 = Debug|x86
		Release|Any CPU = Release|Any CPU
		Release|ARM = Release|ARM
		Release|arm64 = Release|arm64
		Release|x64 = Release|x64
		Release|x86 = Release|x86
	EndGlobalSection
	GlobalSection(ProjectConfigurationPlatforms) = postSolution
		{748D31F1-E2F4-456B-83F0-1AC8CAEA5CFC}.Debug|Any CPU.ActiveCfg = Debug|Any CPU
		{748D31F1-E2F4-456B-83F0-1AC8CAEA5CFC}.Debug|Any CPU.Build.0 = Debug|Any CPU
		{748D31F1-E2F4-456B-83F0-1AC8CAEA5CFC}.Debug|ARM.ActiveCfg = Debug|Any CPU
		{748D31F1-E2F4-456B-83F0-1AC8CAEA5CFC}.Debug|ARM.Build.0 = Debug|Any CPU
		{748D31F1-E2F4-456B-83F0-1AC8CAEA5CFC}.Debug|arm64.ActiveCfg = Debug|Any CPU
		{748D31F1-E2F4-456B-83F0-1AC8CAEA5CFC}.Debug|arm64.Build.0 = Debug|Any CPU
		{748D31F1-E2F4-456B-83F0-1AC8CAEA5CFC}.Debug|x64.ActiveCfg = Debug|Any CPU
		{748D31F1-E2F4-456B-83F0-1AC8CAEA5CFC}.Debug|x64.Build.0 = Debug|Any CPU
		{748D31F1-E2F4-456B-83F0-1AC8CAEA5CFC}.Debug|x86.ActiveCfg = Debug|Any CPU
		{748D31F1-E2F4-456B-83F0-1AC8CAEA5CFC}.Debug|x86.Build.0 = Debug|Any CPU
		{748D31F1-E2F4-456B-83F0-1AC8CAEA5CFC}.Release|Any CPU.ActiveCfg = Release|Any CPU
		{748D31F1-E2F4-456B-83F0-1AC8CAEA5CFC}.Release|Any CPU.Build.0 = Release|Any CPU
		{748D31F1-E2F4-456B-83F0-1AC8CAEA5CFC}.Release|ARM.ActiveCfg = Release|Any CPU
		{748D31F1-E2F4-456B-83F0-1AC8CAEA5CFC}.Release|ARM.Build.0 = Release|Any CPU
		{748D31F1-E2F4-456B-83F0-1AC8CAEA5CFC}.Release|arm64.ActiveCfg = Release|Any CPU
		{748D31F1-E2F4-456B-83F0-1AC8CAEA5CFC}.Release|arm64.Build.0 = Release|Any CPU
		{748D31F1-E2F4-456B-83F0-1AC8CAEA5CFC}.Release|x64.ActiveCfg = Release|Any CPU
		{748D31F1-E2F4-456B-83F0-1AC8CAEA5CFC}.Release|x64.Build.0 = Release|Any CPU
		{748D31F1-E2F4-456B-83F0-1AC8CAEA5CFC}.Release|x86.ActiveCfg = Release|Any CPU
		{748D31F1-E2F4-456B-83F0-1AC8CAEA5CFC}.Release|x86.Build.0 = Release|Any CPU
		{1416C843-528B-4161-B43C-BCA26B4ABCE7}.Debug|Any CPU.ActiveCfg = Debug|Any CPU
		{1416C843-528B-4161-B43C-BCA26B4ABCE7}.Debug|Any CPU.Build.0 = Debug|Any CPU
		{1416C843-528B-4161-B43C-BCA26B4ABCE7}.Debug|ARM.ActiveCfg = Debug|Any CPU
		{1416C843-528B-4161-B43C-BCA26B4ABCE7}.Debug|ARM.Build.0 = Debug|Any CPU
		{1416C843-528B-4161-B43C-BCA26B4ABCE7}.Debug|arm64.ActiveCfg = Debug|Any CPU
		{1416C843-528B-4161-B43C-BCA26B4ABCE7}.Debug|arm64.Build.0 = Debug|Any CPU
		{1416C843-528B-4161-B43C-BCA26B4ABCE7}.Debug|x64.ActiveCfg = Debug|Any CPU
		{1416C843-528B-4161-B43C-BCA26B4ABCE7}.Debug|x64.Build.0 = Debug|Any CPU
		{1416C843-528B-4161-B43C-BCA26B4ABCE7}.Debug|x86.ActiveCfg = Debug|Any CPU
		{1416C843-528B-4161-B43C-BCA26B4ABCE7}.Debug|x86.Build.0 = Debug|Any CPU
		{1416C843-528B-4161-B43C-BCA26B4ABCE7}.Release|Any CPU.ActiveCfg = Release|Any CPU
		{1416C843-528B-4161-B43C-BCA26B4ABCE7}.Release|Any CPU.Build.0 = Release|Any CPU
		{1416C843-528B-4161-B43C-BCA26B4ABCE7}.Release|ARM.ActiveCfg = Release|Any CPU
		{1416C843-528B-4161-B43C-BCA26B4ABCE7}.Release|ARM.Build.0 = Release|Any CPU
		{1416C843-528B-4161-B43C-BCA26B4ABCE7}.Release|arm64.ActiveCfg = Release|Any CPU
		{1416C843-528B-4161-B43C-BCA26B4ABCE7}.Release|arm64.Build.0 = Release|Any CPU
		{1416C843-528B-4161-B43C-BCA26B4ABCE7}.Release|x64.ActiveCfg = Release|Any CPU
		{1416C843-528B-4161-B43C-BCA26B4ABCE7}.Release|x64.Build.0 = Release|Any CPU
		{1416C843-528B-4161-B43C-BCA26B4ABCE7}.Release|x86.ActiveCfg = Release|Any CPU
		{1416C843-528B-4161-B43C-BCA26B4ABCE7}.Release|x86.Build.0 = Release|Any CPU
		{CF25FD5D-178F-402F-AD4E-F032A8A30270}.Debug|Any CPU.ActiveCfg = Debug|Any CPU
		{CF25FD5D-178F-402F-AD4E-F032A8A30270}.Debug|Any CPU.Build.0 = Debug|Any CPU
		{CF25FD5D-178F-402F-AD4E-F032A8A30270}.Debug|ARM.ActiveCfg = Debug|Any CPU
		{CF25FD5D-178F-402F-AD4E-F032A8A30270}.Debug|ARM.Build.0 = Debug|Any CPU
		{CF25FD5D-178F-402F-AD4E-F032A8A30270}.Debug|ARM.Deploy.0 = Debug|Any CPU
		{CF25FD5D-178F-402F-AD4E-F032A8A30270}.Debug|arm64.ActiveCfg = Debug|Any CPU
		{CF25FD5D-178F-402F-AD4E-F032A8A30270}.Debug|arm64.Build.0 = Debug|Any CPU
		{CF25FD5D-178F-402F-AD4E-F032A8A30270}.Debug|arm64.Deploy.0 = Debug|Any CPU
		{CF25FD5D-178F-402F-AD4E-F032A8A30270}.Debug|x64.ActiveCfg = Debug|Any CPU
		{CF25FD5D-178F-402F-AD4E-F032A8A30270}.Debug|x64.Build.0 = Debug|Any CPU
		{CF25FD5D-178F-402F-AD4E-F032A8A30270}.Debug|x64.Deploy.0 = Debug|Any CPU
		{CF25FD5D-178F-402F-AD4E-F032A8A30270}.Debug|x86.ActiveCfg = Debug|Any CPU
		{CF25FD5D-178F-402F-AD4E-F032A8A30270}.Debug|x86.Build.0 = Debug|Any CPU
		{CF25FD5D-178F-402F-AD4E-F032A8A30270}.Debug|x86.Deploy.0 = Debug|Any CPU
		{CF25FD5D-178F-402F-AD4E-F032A8A30270}.Release|Any CPU.ActiveCfg = Release|Any CPU
		{CF25FD5D-178F-402F-AD4E-F032A8A30270}.Release|Any CPU.Build.0 = Release|Any CPU
		{CF25FD5D-178F-402F-AD4E-F032A8A30270}.Release|ARM.ActiveCfg = Release|Any CPU
		{CF25FD5D-178F-402F-AD4E-F032A8A30270}.Release|ARM.Build.0 = Release|Any CPU
		{CF25FD5D-178F-402F-AD4E-F032A8A30270}.Release|ARM.Deploy.0 = Release|Any CPU
		{CF25FD5D-178F-402F-AD4E-F032A8A30270}.Release|arm64.ActiveCfg = Release|Any CPU
		{CF25FD5D-178F-402F-AD4E-F032A8A30270}.Release|arm64.Build.0 = Release|Any CPU
		{CF25FD5D-178F-402F-AD4E-F032A8A30270}.Release|arm64.Deploy.0 = Release|Any CPU
		{CF25FD5D-178F-402F-AD4E-F032A8A30270}.Release|x64.ActiveCfg = Release|Any CPU
		{CF25FD5D-178F-402F-AD4E-F032A8A30270}.Release|x64.Build.0 = Release|Any CPU
		{CF25FD5D-178F-402F-AD4E-F032A8A30270}.Release|x64.Deploy.0 = Release|Any CPU
		{CF25FD5D-178F-402F-AD4E-F032A8A30270}.Release|x86.ActiveCfg = Release|Any CPU
		{CF25FD5D-178F-402F-AD4E-F032A8A30270}.Release|x86.Build.0 = Release|Any CPU
		{CF25FD5D-178F-402F-AD4E-F032A8A30270}.Release|x86.Deploy.0 = Release|Any CPU
		{F09215D1-3738-4D36-A249-E6F9B3B8FEE8}.Debug|Any CPU.ActiveCfg = Debug|Any CPU
		{F09215D1-3738-4D36-A249-E6F9B3B8FEE8}.Debug|Any CPU.Build.0 = Debug|Any CPU
		{F09215D1-3738-4D36-A249-E6F9B3B8FEE8}.Debug|ARM.ActiveCfg = Debug|Any CPU
		{F09215D1-3738-4D36-A249-E6F9B3B8FEE8}.Debug|ARM.Build.0 = Debug|Any CPU
		{F09215D1-3738-4D36-A249-E6F9B3B8FEE8}.Debug|arm64.ActiveCfg = Debug|Any CPU
		{F09215D1-3738-4D36-A249-E6F9B3B8FEE8}.Debug|arm64.Build.0 = Debug|Any CPU
		{F09215D1-3738-4D36-A249-E6F9B3B8FEE8}.Debug|x64.ActiveCfg = Debug|Any CPU
		{F09215D1-3738-4D36-A249-E6F9B3B8FEE8}.Debug|x64.Build.0 = Debug|Any CPU
		{F09215D1-3738-4D36-A249-E6F9B3B8FEE8}.Debug|x86.ActiveCfg = Debug|Any CPU
		{F09215D1-3738-4D36-A249-E6F9B3B8FEE8}.Debug|x86.Build.0 = Debug|Any CPU
		{F09215D1-3738-4D36-A249-E6F9B3B8FEE8}.Release|Any CPU.ActiveCfg = Release|Any CPU
		{F09215D1-3738-4D36-A249-E6F9B3B8FEE8}.Release|Any CPU.Build.0 = Release|Any CPU
		{F09215D1-3738-4D36-A249-E6F9B3B8FEE8}.Release|ARM.ActiveCfg = Release|Any CPU
		{F09215D1-3738-4D36-A249-E6F9B3B8FEE8}.Release|ARM.Build.0 = Release|Any CPU
		{F09215D1-3738-4D36-A249-E6F9B3B8FEE8}.Release|arm64.ActiveCfg = Release|Any CPU
		{F09215D1-3738-4D36-A249-E6F9B3B8FEE8}.Release|arm64.Build.0 = Release|Any CPU
		{F09215D1-3738-4D36-A249-E6F9B3B8FEE8}.Release|x64.ActiveCfg = Release|Any CPU
		{F09215D1-3738-4D36-A249-E6F9B3B8FEE8}.Release|x64.Build.0 = Release|Any CPU
		{F09215D1-3738-4D36-A249-E6F9B3B8FEE8}.Release|x86.ActiveCfg = Release|Any CPU
		{F09215D1-3738-4D36-A249-E6F9B3B8FEE8}.Release|x86.Build.0 = Release|Any CPU
		{495CABAF-BC12-4854-873D-BDA56AD94D6E}.Debug|Any CPU.ActiveCfg = Debug|x64
		{495CABAF-BC12-4854-873D-BDA56AD94D6E}.Debug|Any CPU.Build.0 = Debug|x64
		{495CABAF-BC12-4854-873D-BDA56AD94D6E}.Debug|Any CPU.Deploy.0 = Debug|x64
		{495CABAF-BC12-4854-873D-BDA56AD94D6E}.Debug|ARM.ActiveCfg = Debug|ARM
		{495CABAF-BC12-4854-873D-BDA56AD94D6E}.Debug|ARM.Build.0 = Debug|ARM
		{495CABAF-BC12-4854-873D-BDA56AD94D6E}.Debug|ARM.Deploy.0 = Debug|ARM
		{495CABAF-BC12-4854-873D-BDA56AD94D6E}.Debug|arm64.ActiveCfg = Debug|ARM64
		{495CABAF-BC12-4854-873D-BDA56AD94D6E}.Debug|arm64.Build.0 = Debug|ARM64
		{495CABAF-BC12-4854-873D-BDA56AD94D6E}.Debug|arm64.Deploy.0 = Debug|ARM64
		{495CABAF-BC12-4854-873D-BDA56AD94D6E}.Debug|x64.ActiveCfg = Debug|x64
		{495CABAF-BC12-4854-873D-BDA56AD94D6E}.Debug|x64.Build.0 = Debug|x64
		{495CABAF-BC12-4854-873D-BDA56AD94D6E}.Debug|x64.Deploy.0 = Debug|x64
		{495CABAF-BC12-4854-873D-BDA56AD94D6E}.Debug|x86.ActiveCfg = Debug|x86
		{495CABAF-BC12-4854-873D-BDA56AD94D6E}.Debug|x86.Build.0 = Debug|x86
		{495CABAF-BC12-4854-873D-BDA56AD94D6E}.Debug|x86.Deploy.0 = Debug|x86
		{495CABAF-BC12-4854-873D-BDA56AD94D6E}.Release|Any CPU.ActiveCfg = Release|x64
		{495CABAF-BC12-4854-873D-BDA56AD94D6E}.Release|Any CPU.Build.0 = Release|x64
		{495CABAF-BC12-4854-873D-BDA56AD94D6E}.Release|Any CPU.Deploy.0 = Release|x64
		{495CABAF-BC12-4854-873D-BDA56AD94D6E}.Release|ARM.ActiveCfg = Release|ARM
		{495CABAF-BC12-4854-873D-BDA56AD94D6E}.Release|ARM.Build.0 = Release|ARM
		{495CABAF-BC12-4854-873D-BDA56AD94D6E}.Release|ARM.Deploy.0 = Release|ARM
		{495CABAF-BC12-4854-873D-BDA56AD94D6E}.Release|arm64.ActiveCfg = Release|ARM64
		{495CABAF-BC12-4854-873D-BDA56AD94D6E}.Release|arm64.Build.0 = Release|ARM64
		{495CABAF-BC12-4854-873D-BDA56AD94D6E}.Release|arm64.Deploy.0 = Release|ARM64
		{495CABAF-BC12-4854-873D-BDA56AD94D6E}.Release|x64.ActiveCfg = Release|x64
		{495CABAF-BC12-4854-873D-BDA56AD94D6E}.Release|x64.Build.0 = Release|x64
		{495CABAF-BC12-4854-873D-BDA56AD94D6E}.Release|x64.Deploy.0 = Release|x64
		{495CABAF-BC12-4854-873D-BDA56AD94D6E}.Release|x86.ActiveCfg = Release|x86
		{495CABAF-BC12-4854-873D-BDA56AD94D6E}.Release|x86.Build.0 = Release|x86
		{495CABAF-BC12-4854-873D-BDA56AD94D6E}.Release|x86.Deploy.0 = Release|x86
		{F831A09B-2A9A-4CF2-87E9-98FE25DD661B}.Debug|Any CPU.ActiveCfg = Debug|Any CPU
		{F831A09B-2A9A-4CF2-87E9-98FE25DD661B}.Debug|Any CPU.Build.0 = Debug|Any CPU
		{F831A09B-2A9A-4CF2-87E9-98FE25DD661B}.Debug|ARM.ActiveCfg = Debug|Any CPU
		{F831A09B-2A9A-4CF2-87E9-98FE25DD661B}.Debug|ARM.Build.0 = Debug|Any CPU
		{F831A09B-2A9A-4CF2-87E9-98FE25DD661B}.Debug|arm64.ActiveCfg = Debug|Any CPU
		{F831A09B-2A9A-4CF2-87E9-98FE25DD661B}.Debug|arm64.Build.0 = Debug|Any CPU
		{F831A09B-2A9A-4CF2-87E9-98FE25DD661B}.Debug|x64.ActiveCfg = Debug|Any CPU
		{F831A09B-2A9A-4CF2-87E9-98FE25DD661B}.Debug|x64.Build.0 = Debug|Any CPU
		{F831A09B-2A9A-4CF2-87E9-98FE25DD661B}.Debug|x86.ActiveCfg = Debug|Any CPU
		{F831A09B-2A9A-4CF2-87E9-98FE25DD661B}.Debug|x86.Build.0 = Debug|Any CPU
		{F831A09B-2A9A-4CF2-87E9-98FE25DD661B}.Release|Any CPU.ActiveCfg = Release|Any CPU
		{F831A09B-2A9A-4CF2-87E9-98FE25DD661B}.Release|Any CPU.Build.0 = Release|Any CPU
		{F831A09B-2A9A-4CF2-87E9-98FE25DD661B}.Release|ARM.ActiveCfg = Release|Any CPU
		{F831A09B-2A9A-4CF2-87E9-98FE25DD661B}.Release|ARM.Build.0 = Release|Any CPU
		{F831A09B-2A9A-4CF2-87E9-98FE25DD661B}.Release|arm64.ActiveCfg = Release|Any CPU
		{F831A09B-2A9A-4CF2-87E9-98FE25DD661B}.Release|arm64.Build.0 = Release|Any CPU
		{F831A09B-2A9A-4CF2-87E9-98FE25DD661B}.Release|x64.ActiveCfg = Release|Any CPU
		{F831A09B-2A9A-4CF2-87E9-98FE25DD661B}.Release|x64.Build.0 = Release|Any CPU
		{F831A09B-2A9A-4CF2-87E9-98FE25DD661B}.Release|x86.ActiveCfg = Release|Any CPU
		{F831A09B-2A9A-4CF2-87E9-98FE25DD661B}.Release|x86.Build.0 = Release|Any CPU
		{F397D2C1-6B64-4568-8F09-25DC7C058F5E}.Debug|Any CPU.ActiveCfg = Debug|Any CPU
		{F397D2C1-6B64-4568-8F09-25DC7C058F5E}.Debug|Any CPU.Build.0 = Debug|Any CPU
		{F397D2C1-6B64-4568-8F09-25DC7C058F5E}.Debug|Any CPU.Deploy.0 = Debug|Any CPU
		{F397D2C1-6B64-4568-8F09-25DC7C058F5E}.Debug|ARM.ActiveCfg = Debug|Any CPU
		{F397D2C1-6B64-4568-8F09-25DC7C058F5E}.Debug|ARM.Build.0 = Debug|Any CPU
		{F397D2C1-6B64-4568-8F09-25DC7C058F5E}.Debug|ARM.Deploy.0 = Debug|Any CPU
		{F397D2C1-6B64-4568-8F09-25DC7C058F5E}.Debug|arm64.ActiveCfg = Debug|Any CPU
		{F397D2C1-6B64-4568-8F09-25DC7C058F5E}.Debug|arm64.Build.0 = Debug|Any CPU
		{F397D2C1-6B64-4568-8F09-25DC7C058F5E}.Debug|arm64.Deploy.0 = Debug|Any CPU
		{F397D2C1-6B64-4568-8F09-25DC7C058F5E}.Debug|x64.ActiveCfg = Debug|Any CPU
		{F397D2C1-6B64-4568-8F09-25DC7C058F5E}.Debug|x64.Build.0 = Debug|Any CPU
		{F397D2C1-6B64-4568-8F09-25DC7C058F5E}.Debug|x64.Deploy.0 = Debug|Any CPU
		{F397D2C1-6B64-4568-8F09-25DC7C058F5E}.Debug|x86.ActiveCfg = Debug|Any CPU
		{F397D2C1-6B64-4568-8F09-25DC7C058F5E}.Debug|x86.Build.0 = Debug|Any CPU
		{F397D2C1-6B64-4568-8F09-25DC7C058F5E}.Debug|x86.Deploy.0 = Debug|Any CPU
		{F397D2C1-6B64-4568-8F09-25DC7C058F5E}.Release|Any CPU.ActiveCfg = Release|Any CPU
		{F397D2C1-6B64-4568-8F09-25DC7C058F5E}.Release|Any CPU.Build.0 = Release|Any CPU
		{F397D2C1-6B64-4568-8F09-25DC7C058F5E}.Release|Any CPU.Deploy.0 = Release|Any CPU
		{F397D2C1-6B64-4568-8F09-25DC7C058F5E}.Release|ARM.ActiveCfg = Release|Any CPU
		{F397D2C1-6B64-4568-8F09-25DC7C058F5E}.Release|ARM.Build.0 = Release|Any CPU
		{F397D2C1-6B64-4568-8F09-25DC7C058F5E}.Release|ARM.Deploy.0 = Release|Any CPU
		{F397D2C1-6B64-4568-8F09-25DC7C058F5E}.Release|arm64.ActiveCfg = Release|Any CPU
		{F397D2C1-6B64-4568-8F09-25DC7C058F5E}.Release|arm64.Build.0 = Release|Any CPU
		{F397D2C1-6B64-4568-8F09-25DC7C058F5E}.Release|arm64.Deploy.0 = Release|Any CPU
		{F397D2C1-6B64-4568-8F09-25DC7C058F5E}.Release|x64.ActiveCfg = Release|Any CPU
		{F397D2C1-6B64-4568-8F09-25DC7C058F5E}.Release|x64.Build.0 = Release|Any CPU
		{F397D2C1-6B64-4568-8F09-25DC7C058F5E}.Release|x64.Deploy.0 = Release|Any CPU
		{F397D2C1-6B64-4568-8F09-25DC7C058F5E}.Release|x86.ActiveCfg = Release|Any CPU
		{F397D2C1-6B64-4568-8F09-25DC7C058F5E}.Release|x86.Build.0 = Release|Any CPU
		{F397D2C1-6B64-4568-8F09-25DC7C058F5E}.Release|x86.Deploy.0 = Release|Any CPU
		{DE29202A-9819-4584-A10E-9FDA9BBA2C43}.Debug|Any CPU.ActiveCfg = Debug|Any CPU
		{DE29202A-9819-4584-A10E-9FDA9BBA2C43}.Debug|Any CPU.Build.0 = Debug|Any CPU
		{DE29202A-9819-4584-A10E-9FDA9BBA2C43}.Debug|ARM.ActiveCfg = Debug|Any CPU
		{DE29202A-9819-4584-A10E-9FDA9BBA2C43}.Debug|ARM.Build.0 = Debug|Any CPU
		{DE29202A-9819-4584-A10E-9FDA9BBA2C43}.Debug|arm64.ActiveCfg = Debug|Any CPU
		{DE29202A-9819-4584-A10E-9FDA9BBA2C43}.Debug|arm64.Build.0 = Debug|Any CPU
		{DE29202A-9819-4584-A10E-9FDA9BBA2C43}.Debug|x64.ActiveCfg = Debug|Any CPU
		{DE29202A-9819-4584-A10E-9FDA9BBA2C43}.Debug|x64.Build.0 = Debug|Any CPU
		{DE29202A-9819-4584-A10E-9FDA9BBA2C43}.Debug|x86.ActiveCfg = Debug|Any CPU
		{DE29202A-9819-4584-A10E-9FDA9BBA2C43}.Debug|x86.Build.0 = Debug|Any CPU
		{DE29202A-9819-4584-A10E-9FDA9BBA2C43}.Release|Any CPU.ActiveCfg = Release|Any CPU
		{DE29202A-9819-4584-A10E-9FDA9BBA2C43}.Release|Any CPU.Build.0 = Release|Any CPU
		{DE29202A-9819-4584-A10E-9FDA9BBA2C43}.Release|ARM.ActiveCfg = Release|Any CPU
		{DE29202A-9819-4584-A10E-9FDA9BBA2C43}.Release|ARM.Build.0 = Release|Any CPU
		{DE29202A-9819-4584-A10E-9FDA9BBA2C43}.Release|arm64.ActiveCfg = Release|Any CPU
		{DE29202A-9819-4584-A10E-9FDA9BBA2C43}.Release|arm64.Build.0 = Release|Any CPU
		{DE29202A-9819-4584-A10E-9FDA9BBA2C43}.Release|x64.ActiveCfg = Release|Any CPU
		{DE29202A-9819-4584-A10E-9FDA9BBA2C43}.Release|x64.Build.0 = Release|Any CPU
		{DE29202A-9819-4584-A10E-9FDA9BBA2C43}.Release|x86.ActiveCfg = Release|Any CPU
		{DE29202A-9819-4584-A10E-9FDA9BBA2C43}.Release|x86.Build.0 = Release|Any CPU
	EndGlobalSection
	GlobalSection(SolutionProperties) = preSolution
		HideSolutionNode = FALSE
	EndGlobalSection
	GlobalSection(NestedProjects) = preSolution
		{1416C843-528B-4161-B43C-BCA26B4ABCE7} = {D2158F14-9441-4380-A1DC-421C41E5CE34}
		{CF25FD5D-178F-402F-AD4E-F032A8A30270} = {D2158F14-9441-4380-A1DC-421C41E5CE34}
		{F09215D1-3738-4D36-A249-E6F9B3B8FEE8} = {D2158F14-9441-4380-A1DC-421C41E5CE34}
		{495CABAF-BC12-4854-873D-BDA56AD94D6E} = {D2158F14-9441-4380-A1DC-421C41E5CE34}
		{F831A09B-2A9A-4CF2-87E9-98FE25DD661B} = {D2158F14-9441-4380-A1DC-421C41E5CE34}
		{F397D2C1-6B64-4568-8F09-25DC7C058F5E} = {D2158F14-9441-4380-A1DC-421C41E5CE34}
		{DE29202A-9819-4584-A10E-9FDA9BBA2C43} = {D2158F14-9441-4380-A1DC-421C41E5CE34}
	EndGlobalSection
	GlobalSection(ExtensibilityGlobals) = postSolution
		SolutionGuid = {881CED7F-6893-414E-97E2-811B322DA058}
	EndGlobalSection
EndGlobal
