
Microsoft Visual Studio Solution File, Format Version 12.00
# Visual Studio Version 17
VisualStudioVersion = 17.0.31710.8
MinimumVisualStudioVersion = 10.0.40219.1
Project("{9A19103F-16F7-4668-BE54-9A1E7A4F7556}") = "FNA-NET", "src\FNA-NET.csproj", "{748D31F1-E2F4-456B-83F0-1AC8CAEA5CFC}"
EndProject
Project("{2150E333-8FDC-42A3-9474-1A3956D46DE8}") = "Samples", "Samples", "{D2158F14-9441-4380-A1DC-421C41E5CE34}"
EndProject
Project("{9A19103F-16F7-4668-BE54-9A1E7A4F7556}") = "FNAGame1", "samples\FNAGame1\FNAGame1.csproj", "{1416C843-528B-4161-B43C-BCA26B4ABCE7}"
EndProject
Project("{9A19103F-16F7-4668-BE54-9A1E7A4F7556}") = "iOSGame1", "samples\iOSGame1\iOSGame1.csproj", "{CF25FD5D-178F-402F-AD4E-F032A8A30270}"
EndProject
Project("{9A19103F-16F7-4668-BE54-9A1E7A4F7556}") = "UWPGame1", "samples\UWPGame1\UWPGame1.csproj", "{D73A8E6F-AF4A-487C-A25E-A2E64219555F}"
EndProject
Project("{C7167F0D-BC9F-4E6E-AFE1-012C56B48DB5}") = "UWPGame1 (Package)", "samples\UWPGame1 (Package)\UWPGame1 (Package).wapproj", "{A88FCF8C-EC35-4623-B126-C591EEF99C70}"
EndProject
Global
	GlobalSection(SolutionConfigurationPlatforms) = preSolution
		Debug|Any CPU = Debug|Any CPU
		Debug|arm64 = Debug|arm64
		Debug|x64 = Debug|x64
		Debug|x86 = Debug|x86
		Release|Any CPU = Release|Any CPU
		Release|arm64 = Release|arm64
		Release|x64 = Release|x64
		Release|x86 = Release|x86
	EndGlobalSection
	GlobalSection(ProjectConfigurationPlatforms) = postSolution
		{748D31F1-E2F4-456B-83F0-1AC8CAEA5CFC}.Debug|Any CPU.ActiveCfg = Debug|Any CPU
		{748D31F1-E2F4-456B-83F0-1AC8CAEA5CFC}.Debug|Any CPU.Build.0 = Debug|Any CPU
		{748D31F1-E2F4-456B-83F0-1AC8CAEA5CFC}.Debug|arm64.ActiveCfg = Debug|Any CPU
		{748D31F1-E2F4-456B-83F0-1AC8CAEA5CFC}.Debug|arm64.Build.0 = Debug|Any CPU
		{748D31F1-E2F4-456B-83F0-1AC8CAEA5CFC}.Debug|x64.ActiveCfg = Debug|Any CPU
		{748D31F1-E2F4-456B-83F0-1AC8CAEA5CFC}.Debug|x64.Build.0 = Debug|Any CPU
		{748D31F1-E2F4-456B-83F0-1AC8CAEA5CFC}.Debug|x86.ActiveCfg = Debug|Any CPU
		{748D31F1-E2F4-456B-83F0-1AC8CAEA5CFC}.Debug|x86.Build.0 = Debug|Any CPU
		{748D31F1-E2F4-456B-83F0-1AC8CAEA5CFC}.Release|Any CPU.ActiveCfg = Release|Any CPU
		{748D31F1-E2F4-456B-83F0-1AC8CAEA5CFC}.Release|Any CPU.Build.0 = Release|Any CPU
		{748D31F1-E2F4-456B-83F0-1AC8CAEA5CFC}.Release|arm64.ActiveCfg = Release|Any CPU
		{748D31F1-E2F4-456B-83F0-1AC8CAEA5CFC}.Release|arm64.Build.0 = Release|Any CPU
		{748D31F1-E2F4-456B-83F0-1AC8CAEA5CFC}.Release|x64.ActiveCfg = Release|Any CPU
		{748D31F1-E2F4-456B-83F0-1AC8CAEA5CFC}.Release|x64.Build.0 = Release|Any CPU
		{748D31F1-E2F4-456B-83F0-1AC8CAEA5CFC}.Release|x86.ActiveCfg = Release|Any CPU
		{748D31F1-E2F4-456B-83F0-1AC8CAEA5CFC}.Release|x86.Build.0 = Release|Any CPU
		{1416C843-528B-4161-B43C-BCA26B4ABCE7}.Debug|Any CPU.ActiveCfg = Debug|Any CPU
		{1416C843-528B-4161-B43C-BCA26B4ABCE7}.Debug|Any CPU.Build.0 = Debug|Any CPU
		{1416C843-528B-4161-B43C-BCA26B4ABCE7}.Debug|arm64.ActiveCfg = Debug|Any CPU
		{1416C843-528B-4161-B43C-BCA26B4ABCE7}.Debug|arm64.Build.0 = Debug|Any CPU
		{1416C843-528B-4161-B43C-BCA26B4ABCE7}.Debug|x64.ActiveCfg = Debug|Any CPU
		{1416C843-528B-4161-B43C-BCA26B4ABCE7}.Debug|x64.Build.0 = Debug|Any CPU
		{1416C843-528B-4161-B43C-BCA26B4ABCE7}.Debug|x86.ActiveCfg = Debug|Any CPU
		{1416C843-528B-4161-B43C-BCA26B4ABCE7}.Debug|x86.Build.0 = Debug|Any CPU
		{1416C843-528B-4161-B43C-BCA26B4ABCE7}.Release|Any CPU.ActiveCfg = Release|Any CPU
		{1416C843-528B-4161-B43C-BCA26B4ABCE7}.Release|Any CPU.Build.0 = Release|Any CPU
		{1416C843-528B-4161-B43C-BCA26B4ABCE7}.Release|arm64.ActiveCfg = Release|Any CPU
		{1416C843-528B-4161-B43C-BCA26B4ABCE7}.Release|arm64.Build.0 = Release|Any CPU
		{1416C843-528B-4161-B43C-BCA26B4ABCE7}.Release|x64.ActiveCfg = Release|Any CPU
		{1416C843-528B-4161-B43C-BCA26B4ABCE7}.Release|x64.Build.0 = Release|Any CPU
		{1416C843-528B-4161-B43C-BCA26B4ABCE7}.Release|x86.ActiveCfg = Release|Any CPU
		{1416C843-528B-4161-B43C-BCA26B4ABCE7}.Release|x86.Build.0 = Release|Any CPU
		{CF25FD5D-178F-402F-AD4E-F032A8A30270}.Debug|Any CPU.ActiveCfg = Debug|Any CPU
		{CF25FD5D-178F-402F-AD4E-F032A8A30270}.Debug|Any CPU.Build.0 = Debug|Any CPU
		{CF25FD5D-178F-402F-AD4E-F032A8A30270}.Debug|arm64.ActiveCfg = Debug|Any CPU
		{CF25FD5D-178F-402F-AD4E-F032A8A30270}.Debug|arm64.Build.0 = Debug|Any CPU
		{CF25FD5D-178F-402F-AD4E-F032A8A30270}.Debug|arm64.Deploy.0 = Debug|Any CPU
		{CF25FD5D-178F-402F-AD4E-F032A8A30270}.Debug|x64.ActiveCfg = Debug|Any CPU
		{CF25FD5D-178F-402F-AD4E-F032A8A30270}.Debug|x64.Build.0 = Debug|Any CPU
		{CF25FD5D-178F-402F-AD4E-F032A8A30270}.Debug|x64.Deploy.0 = Debug|Any CPU
		{CF25FD5D-178F-402F-AD4E-F032A8A30270}.Debug|x86.ActiveCfg = Debug|Any CPU
		{CF25FD5D-178F-402F-AD4E-F032A8A30270}.Debug|x86.Build.0 = Debug|Any CPU
		{CF25FD5D-178F-402F-AD4E-F032A8A30270}.Debug|x86.Deploy.0 = Debug|Any CPU
		{CF25FD5D-178F-402F-AD4E-F032A8A30270}.Release|Any CPU.ActiveCfg = Release|Any CPU
		{CF25FD5D-178F-402F-AD4E-F032A8A30270}.Release|Any CPU.Build.0 = Release|Any CPU
		{CF25FD5D-178F-402F-AD4E-F032A8A30270}.Release|arm64.ActiveCfg = Release|Any CPU
		{CF25FD5D-178F-402F-AD4E-F032A8A30270}.Release|arm64.Build.0 = Release|Any CPU
		{CF25FD5D-178F-402F-AD4E-F032A8A30270}.Release|arm64.Deploy.0 = Release|Any CPU
		{CF25FD5D-178F-402F-AD4E-F032A8A30270}.Release|x64.ActiveCfg = Release|Any CPU
		{CF25FD5D-178F-402F-AD4E-F032A8A30270}.Release|x64.Build.0 = Release|Any CPU
		{CF25FD5D-178F-402F-AD4E-F032A8A30270}.Release|x64.Deploy.0 = Release|Any CPU
		{CF25FD5D-178F-402F-AD4E-F032A8A30270}.Release|x86.ActiveCfg = Release|Any CPU
		{CF25FD5D-178F-402F-AD4E-F032A8A30270}.Release|x86.Build.0 = Release|Any CPU
		{CF25FD5D-178F-402F-AD4E-F032A8A30270}.Release|x86.Deploy.0 = Release|Any CPU
		{D73A8E6F-AF4A-487C-A25E-A2E64219555F}.Debug|Any CPU.ActiveCfg = Debug|x86
		{D73A8E6F-AF4A-487C-A25E-A2E64219555F}.Debug|Any CPU.Build.0 = Debug|x86
		{D73A8E6F-AF4A-487C-A25E-A2E64219555F}.Debug|arm64.ActiveCfg = Debug|arm64
		{D73A8E6F-AF4A-487C-A25E-A2E64219555F}.Debug|arm64.Build.0 = Debug|arm64
		{D73A8E6F-AF4A-487C-A25E-A2E64219555F}.Debug|x64.ActiveCfg = Debug|x64
		{D73A8E6F-AF4A-487C-A25E-A2E64219555F}.Debug|x64.Build.0 = Debug|x64
		{D73A8E6F-AF4A-487C-A25E-A2E64219555F}.Debug|x86.ActiveCfg = Debug|x86
		{D73A8E6F-AF4A-487C-A25E-A2E64219555F}.Debug|x86.Build.0 = Debug|x86
		{D73A8E6F-AF4A-487C-A25E-A2E64219555F}.Release|Any CPU.ActiveCfg = Release|x86
		{D73A8E6F-AF4A-487C-A25E-A2E64219555F}.Release|arm64.ActiveCfg = Release|arm64
		{D73A8E6F-AF4A-487C-A25E-A2E64219555F}.Release|arm64.Build.0 = Release|arm64
		{D73A8E6F-AF4A-487C-A25E-A2E64219555F}.Release|x64.ActiveCfg = Release|x64
		{D73A8E6F-AF4A-487C-A25E-A2E64219555F}.Release|x64.Build.0 = Release|x64
		{D73A8E6F-AF4A-487C-A25E-A2E64219555F}.Release|x86.ActiveCfg = Release|x86
		{D73A8E6F-AF4A-487C-A25E-A2E64219555F}.Release|x86.Build.0 = Release|x86
		{A88FCF8C-EC35-4623-B126-C591EEF99C70}.Debug|Any CPU.ActiveCfg = Debug|x86
		{A88FCF8C-EC35-4623-B126-C591EEF99C70}.Debug|Any CPU.Build.0 = Debug|x86
		{A88FCF8C-EC35-4623-B126-C591EEF99C70}.Debug|Any CPU.Deploy.0 = Debug|x86
		{A88FCF8C-EC35-4623-B126-C591EEF99C70}.Debug|arm64.ActiveCfg = Debug|arm64
		{A88FCF8C-EC35-4623-B126-C591EEF99C70}.Debug|arm64.Build.0 = Debug|arm64
		{A88FCF8C-EC35-4623-B126-C591EEF99C70}.Debug|arm64.Deploy.0 = Debug|arm64
		{A88FCF8C-EC35-4623-B126-C591EEF99C70}.Debug|x64.ActiveCfg = Debug|x64
		{A88FCF8C-EC35-4623-B126-C591EEF99C70}.Debug|x64.Build.0 = Debug|x64
		{A88FCF8C-EC35-4623-B126-C591EEF99C70}.Debug|x64.Deploy.0 = Debug|x64
		{A88FCF8C-EC35-4623-B126-C591EEF99C70}.Debug|x86.ActiveCfg = Debug|x86
		{A88FCF8C-EC35-4623-B126-C591EEF99C70}.Debug|x86.Build.0 = Debug|x86
		{A88FCF8C-EC35-4623-B126-C591EEF99C70}.Debug|x86.Deploy.0 = Debug|x86
		{A88FCF8C-EC35-4623-B126-C591EEF99C70}.Release|Any CPU.ActiveCfg = Release|x86
		{A88FCF8C-EC35-4623-B126-C591EEF99C70}.Release|arm64.ActiveCfg = Release|arm64
		{A88FCF8C-EC35-4623-B126-C591EEF99C70}.Release|arm64.Build.0 = Release|arm64
		{A88FCF8C-EC35-4623-B126-C591EEF99C70}.Release|arm64.Deploy.0 = Release|arm64
		{A88FCF8C-EC35-4623-B126-C591EEF99C70}.Release|x64.ActiveCfg = Release|x64
		{A88FCF8C-EC35-4623-B126-C591EEF99C70}.Release|x64.Build.0 = Release|x64
		{A88FCF8C-EC35-4623-B126-C591EEF99C70}.Release|x64.Deploy.0 = Release|x64
		{A88FCF8C-EC35-4623-B126-C591EEF99C70}.Release|x86.ActiveCfg = Release|x86
		{A88FCF8C-EC35-4623-B126-C591EEF99C70}.Release|x86.Build.0 = Release|x86
		{A88FCF8C-EC35-4623-B126-C591EEF99C70}.Release|x86.Deploy.0 = Release|x86
	EndGlobalSection
	GlobalSection(SolutionProperties) = preSolution
		HideSolutionNode = FALSE
	EndGlobalSection
	GlobalSection(NestedProjects) = preSolution
		{1416C843-528B-4161-B43C-BCA26B4ABCE7} = {D2158F14-9441-4380-A1DC-421C41E5CE34}
		{CF25FD5D-178F-402F-AD4E-F032A8A30270} = {D2158F14-9441-4380-A1DC-421C41E5CE34}
		{D73A8E6F-AF4A-487C-A25E-A2E64219555F} = {D2158F14-9441-4380-A1DC-421C41E5CE34}
		{A88FCF8C-EC35-4623-B126-C591EEF99C70} = {D2158F14-9441-4380-A1DC-421C41E5CE34}
	EndGlobalSection
	GlobalSection(ExtensibilityGlobals) = postSolution
		SolutionGuid = {881CED7F-6893-414E-97E2-811B322DA058}
	EndGlobalSection
EndGlobal
